
Microsoft Visual Studio Solution File, Format Version 12.00
# Visual Studio Version 16
VisualStudioVersion = 16.0.30320.27
MinimumVisualStudioVersion = 10.0.40219.1
Project("{FAE04EC0-301F-11D3-BF4B-00C04F79EFBC}") = "ClienteMS", "ClienteMS\ClienteMS.csproj", "{48EA0107-3896-431A-8D6B-0C5518407143}"
EndProject
Global
	GlobalSection(SolutionConfigurationPlatforms) = preSolution
		Debug|Any CPU = Debug|Any CPU
		Release|Any CPU = Release|Any CPU
	EndGlobalSection
	GlobalSection(ProjectConfigurationPlatforms) = postSolution
		{48EA0107-3896-431A-8D6B-0C5518407143}.Debug|Any CPU.ActiveCfg = Debug|Any CPU
		{48EA0107-3896-431A-8D6B-0C5518407143}.Debug|Any CPU.Build.0 = Debug|Any CPU
		{48EA0107-3896-431A-8D6B-0C5518407143}.Release|Any CPU.ActiveCfg = Release|Any CPU
		{48EA0107-3896-431A-8D6B-0C5518407143}.Release|Any CPU.Build.0 = Release|Any CPU
	EndGlobalSection
	GlobalSection(SolutionProperties) = preSolution
		HideSolutionNode = FALSE
	EndGlobalSection
	GlobalSection(ExtensibilityGlobals) = postSolution
		SolutionGuid = {EEA7E0BF-3101-4D0A-AE3B-40F768E55CA1}
	EndGlobalSection
EndGlobal
